
Microsoft Visual Studio Solution File, Format Version 12.00
# Visual Studio Version 17
VisualStudioVersion = 17.10.35004.147
MinimumVisualStudioVersion = 10.0.40219.1
Project("{FAE04EC0-301F-11D3-BF4B-00C04F79EFBC}") = "UserManagement", "UserManagement\UserManagement.csproj", "{C2D3E05B-C765-4348-9FBA-06E37269CED0}"
EndProject
Global
	GlobalSection(SolutionConfigurationPlatforms) = preSolution
		Debug|Any CPU = Debug|Any CPU
		Release|Any CPU = Release|Any CPU
	EndGlobalSection
	GlobalSection(ProjectConfigurationPlatforms) = postSolution
		{C2D3E05B-C765-4348-9FBA-06E37269CED0}.Debug|Any CPU.ActiveCfg = Debug|Any CPU
		{C2D3E05B-C765-4348-9FBA-06E37269CED0}.Debug|Any CPU.Build.0 = Debug|Any CPU
		{C2D3E05B-C765-4348-9FBA-06E37269CED0}.Release|Any CPU.ActiveCfg = Release|Any CPU
		{C2D3E05B-C765-4348-9FBA-06E37269CED0}.Release|Any CPU.Build.0 = Release|Any CPU
	EndGlobalSection
	GlobalSection(SolutionProperties) = preSolution
		HideSolutionNode = FALSE
	EndGlobalSection
	GlobalSection(ExtensibilityGlobals) = postSolution
		SolutionGuid = {5008C89C-B4AB-4C0B-B411-FA447AEBA70C}
	EndGlobalSection
EndGlobal
